// !$*UTF8*$!
{
	archiveVersion = 1;
	classes = {
	};
	objectVersion = 46;
	objects = {

/* Begin PBXBuildFile section */
		9A940347FD074788992B1E93 /* libPods.a in Frameworks */ = {isa = PBXBuildFile; fileRef = 6EB30A9751964861B60EE0D3 /* libPods.a */; };
		DE31F27C1909B871003F3702 /* Window.m in Sources */ = {isa = PBXBuildFile; fileRef = DE31F27B1909B871003F3702 /* Window.m */; };
		DE31F2831909CFBF003F3702 /* WebViewDelegate.m in Sources */ = {isa = PBXBuildFile; fileRef = DE31F2821909CFBF003F3702 /* WebViewDelegate.m */; };
		DE7638C3190F6B9100A2BD9B /* PBHTTPConnection.m in Sources */ = {isa = PBXBuildFile; fileRef = DE7638C2190F6B9100A2BD9B /* PBHTTPConnection.m */; };
		DE7638C71910223600A2BD9B /* PBWebView.m in Sources */ = {isa = PBXBuildFile; fileRef = DE7638C61910223600A2BD9B /* PBWebView.m */; };
		DE7638C91910234D00A2BD9B /* index.html in Resources */ = {isa = PBXBuildFile; fileRef = DE7638C81910234D00A2BD9B /* index.html */; };
		DEE02877190871CB003A1265 /* Cocoa.framework in Frameworks */ = {isa = PBXBuildFile; fileRef = DEE02876190871CB003A1265 /* Cocoa.framework */; };
		DEE02881190871CB003A1265 /* InfoPlist.strings in Resources */ = {isa = PBXBuildFile; fileRef = DEE0287F190871CB003A1265 /* InfoPlist.strings */; };
		DEE02883190871CB003A1265 /* main.m in Sources */ = {isa = PBXBuildFile; fileRef = DEE02882190871CB003A1265 /* main.m */; };
		DEE02887190871CB003A1265 /* Credits.rtf in Resources */ = {isa = PBXBuildFile; fileRef = DEE02885190871CB003A1265 /* Credits.rtf */; };
		DEE0288A190871CB003A1265 /* AppDelegate.m in Sources */ = {isa = PBXBuildFile; fileRef = DEE02889190871CB003A1265 /* AppDelegate.m */; };
		DEE0288D190871CB003A1265 /* MainMenu.xib in Resources */ = {isa = PBXBuildFile; fileRef = DEE0288B190871CB003A1265 /* MainMenu.xib */; };
		DEE0288F190871CB003A1265 /* Images.xcassets in Resources */ = {isa = PBXBuildFile; fileRef = DEE0288E190871CB003A1265 /* Images.xcassets */; };
/* End PBXBuildFile section */

/* Begin PBXFileReference section */
		43CC1F59BF5F47F886EFA0F8 /* Pods.xcconfig */ = {isa = PBXFileReference; includeInIndex = 1; lastKnownFileType = text.xcconfig; name = Pods.xcconfig; path = Pods/Pods.xcconfig; sourceTree = "<group>"; };
		6EB30A9751964861B60EE0D3 /* libPods.a */ = {isa = PBXFileReference; explicitFileType = archive.ar; includeInIndex = 0; path = libPods.a; sourceTree = BUILT_PRODUCTS_DIR; };
		DE31F27A1909B871003F3702 /* Window.h */ = {isa = PBXFileReference; fileEncoding = 4; lastKnownFileType = sourcecode.c.h; path = Window.h; sourceTree = "<group>"; };
		DE31F27B1909B871003F3702 /* Window.m */ = {isa = PBXFileReference; fileEncoding = 4; lastKnownFileType = sourcecode.c.objc; path = Window.m; sourceTree = "<group>"; };
		DE31F2811909CFBF003F3702 /* WebViewDelegate.h */ = {isa = PBXFileReference; fileEncoding = 4; lastKnownFileType = sourcecode.c.h; path = WebViewDelegate.h; sourceTree = "<group>"; };
		DE31F2821909CFBF003F3702 /* WebViewDelegate.m */ = {isa = PBXFileReference; fileEncoding = 4; lastKnownFileType = sourcecode.c.objc; path = WebViewDelegate.m; sourceTree = "<group>"; };
		DE7638C1190F6B9100A2BD9B /* PBHTTPConnection.h */ = {isa = PBXFileReference; fileEncoding = 4; lastKnownFileType = sourcecode.c.h; path = PBHTTPConnection.h; sourceTree = "<group>"; };
		DE7638C2190F6B9100A2BD9B /* PBHTTPConnection.m */ = {isa = PBXFileReference; fileEncoding = 4; lastKnownFileType = sourcecode.c.objc; path = PBHTTPConnection.m; sourceTree = "<group>"; };
		DE7638C51910223600A2BD9B /* PBWebView.h */ = {isa = PBXFileReference; fileEncoding = 4; lastKnownFileType = sourcecode.c.h; path = PBWebView.h; sourceTree = "<group>"; };
		DE7638C61910223600A2BD9B /* PBWebView.m */ = {isa = PBXFileReference; fileEncoding = 4; lastKnownFileType = sourcecode.c.objc; path = PBWebView.m; sourceTree = "<group>"; };
		DE7638C81910234D00A2BD9B /* index.html */ = {isa = PBXFileReference; fileEncoding = 4; lastKnownFileType = text.html; path = index.html; sourceTree = "<group>"; };
		DEE02873190871CB003A1265 /* WebViewTest.app */ = {isa = PBXFileReference; explicitFileType = wrapper.application; includeInIndex = 0; path = WebViewTest.app; sourceTree = BUILT_PRODUCTS_DIR; };
		DEE02876190871CB003A1265 /* Cocoa.framework */ = {isa = PBXFileReference; lastKnownFileType = wrapper.framework; name = Cocoa.framework; path = System/Library/Frameworks/Cocoa.framework; sourceTree = SDKROOT; };
		DEE02879190871CB003A1265 /* AppKit.framework */ = {isa = PBXFileReference; lastKnownFileType = wrapper.framework; name = AppKit.framework; path = System/Library/Frameworks/AppKit.framework; sourceTree = SDKROOT; };
		DEE0287A190871CB003A1265 /* CoreData.framework */ = {isa = PBXFileReference; lastKnownFileType = wrapper.framework; name = CoreData.framework; path = System/Library/Frameworks/CoreData.framework; sourceTree = SDKROOT; };
		DEE0287B190871CB003A1265 /* Foundation.framework */ = {isa = PBXFileReference; lastKnownFileType = wrapper.framework; name = Foundation.framework; path = System/Library/Frameworks/Foundation.framework; sourceTree = SDKROOT; };
		DEE0287E190871CB003A1265 /* WebViewTest-Info.plist */ = {isa = PBXFileReference; lastKnownFileType = text.plist.xml; path = "WebViewTest-Info.plist"; sourceTree = "<group>"; };
		DEE02880190871CB003A1265 /* en */ = {isa = PBXFileReference; lastKnownFileType = text.plist.strings; name = en; path = en.lproj/InfoPlist.strings; sourceTree = "<group>"; };
		DEE02882190871CB003A1265 /* main.m */ = {isa = PBXFileReference; lastKnownFileType = sourcecode.c.objc; path = main.m; sourceTree = "<group>"; };
		DEE02884190871CB003A1265 /* WebViewTest-Prefix.pch */ = {isa = PBXFileReference; lastKnownFileType = sourcecode.c.h; path = "WebViewTest-Prefix.pch"; sourceTree = "<group>"; };
		DEE02886190871CB003A1265 /* en */ = {isa = PBXFileReference; lastKnownFileType = text.rtf; name = en; path = en.lproj/Credits.rtf; sourceTree = "<group>"; };
		DEE02888190871CB003A1265 /* AppDelegate.h */ = {isa = PBXFileReference; lastKnownFileType = sourcecode.c.h; path = AppDelegate.h; sourceTree = "<group>"; };
		DEE02889190871CB003A1265 /* AppDelegate.m */ = {isa = PBXFileReference; lastKnownFileType = sourcecode.c.objc; path = AppDelegate.m; sourceTree = "<group>"; };
		DEE0288C190871CB003A1265 /* Base */ = {isa = PBXFileReference; lastKnownFileType = file.xib; name = Base; path = Base.lproj/MainMenu.xib; sourceTree = "<group>"; };
		DEE0288E190871CB003A1265 /* Images.xcassets */ = {isa = PBXFileReference; lastKnownFileType = folder.assetcatalog; path = Images.xcassets; sourceTree = "<group>"; };
		DEE02895190871CB003A1265 /* XCTest.framework */ = {isa = PBXFileReference; lastKnownFileType = wrapper.framework; name = XCTest.framework; path = Library/Frameworks/XCTest.framework; sourceTree = DEVELOPER_DIR; };
/* End PBXFileReference section */

/* Begin PBXFrameworksBuildPhase section */
		DEE02870190871CB003A1265 /* Frameworks */ = {
			isa = PBXFrameworksBuildPhase;
			buildActionMask = 2147483647;
			files = (
				DEE02877190871CB003A1265 /* Cocoa.framework in Frameworks */,
				9A940347FD074788992B1E93 /* libPods.a in Frameworks */,
			);
			runOnlyForDeploymentPostprocessing = 0;
		};
/* End PBXFrameworksBuildPhase section */

/* Begin PBXGroup section */
		DE31F2801909BEB7003F3702 /* Subclasses */ = {
			isa = PBXGroup;
			children = (
				DE31F27A1909B871003F3702 /* Window.h */,
				DE31F27B1909B871003F3702 /* Window.m */,
				DE7638C51910223600A2BD9B /* PBWebView.h */,
				DE7638C61910223600A2BD9B /* PBWebView.m */,
			);
			name = Subclasses;
			sourceTree = "<group>";
		};
		DE7638C4190F6C3400A2BD9B /* Server */ = {
			isa = PBXGroup;
			children = (
				DE7638C1190F6B9100A2BD9B /* PBHTTPConnection.h */,
				DE7638C2190F6B9100A2BD9B /* PBHTTPConnection.m */,
			);
			name = Server;
			sourceTree = "<group>";
		};
		DE7638CA1910235B00A2BD9B /* Web */ = {
			isa = PBXGroup;
			children = (
				DE7638C81910234D00A2BD9B /* index.html */,
			);
			name = Web;
			sourceTree = "<group>";
		};
		DEE0286A190871CB003A1265 = {
			isa = PBXGroup;
			children = (
				DEE0287C190871CB003A1265 /* WebViewTest */,
				DEE02875190871CB003A1265 /* Frameworks */,
				DEE02874190871CB003A1265 /* Products */,
				43CC1F59BF5F47F886EFA0F8 /* Pods.xcconfig */,
			);
			sourceTree = "<group>";
		};
		DEE02874190871CB003A1265 /* Products */ = {
			isa = PBXGroup;
			children = (
				DEE02873190871CB003A1265 /* WebViewTest.app */,
			);
			name = Products;
			sourceTree = "<group>";
		};
		DEE02875190871CB003A1265 /* Frameworks */ = {
			isa = PBXGroup;
			children = (
				DEE02876190871CB003A1265 /* Cocoa.framework */,
				DEE02895190871CB003A1265 /* XCTest.framework */,
				DEE02878190871CB003A1265 /* Other Frameworks */,
				6EB30A9751964861B60EE0D3 /* libPods.a */,
			);
			name = Frameworks;
			sourceTree = "<group>";
		};
		DEE02878190871CB003A1265 /* Other Frameworks */ = {
			isa = PBXGroup;
			children = (
				DEE02879190871CB003A1265 /* AppKit.framework */,
				DEE0287A190871CB003A1265 /* CoreData.framework */,
				DEE0287B190871CB003A1265 /* Foundation.framework */,
			);
			name = "Other Frameworks";
			sourceTree = "<group>";
		};
		DEE0287C190871CB003A1265 /* WebViewTest */ = {
			isa = PBXGroup;
			children = (
				DEE02888190871CB003A1265 /* AppDelegate.h */,
				DEE02889190871CB003A1265 /* AppDelegate.m */,
				DE31F2811909CFBF003F3702 /* WebViewDelegate.h */,
				DE31F2821909CFBF003F3702 /* WebViewDelegate.m */,
				DE7638CA1910235B00A2BD9B /* Web */,
				DE7638C4190F6C3400A2BD9B /* Server */,
				DE31F2801909BEB7003F3702 /* Subclasses */,
				DEE0288B190871CB003A1265 /* MainMenu.xib */,
				DEE0288E190871CB003A1265 /* Images.xcassets */,
				DEE0287D190871CB003A1265 /* Supporting Files */,
			);
			path = WebViewTest;
			sourceTree = "<group>";
		};
		DEE0287D190871CB003A1265 /* Supporting Files */ = {
			isa = PBXGroup;
			children = (
				DEE0287E190871CB003A1265 /* WebViewTest-Info.plist */,
				DEE0287F190871CB003A1265 /* InfoPlist.strings */,
				DEE02882190871CB003A1265 /* main.m */,
				DEE02884190871CB003A1265 /* WebViewTest-Prefix.pch */,
				DEE02885190871CB003A1265 /* Credits.rtf */,
			);
			name = "Supporting Files";
			sourceTree = "<group>";
		};
/* End PBXGroup section */

/* Begin PBXNativeTarget section */
		DEE02872190871CB003A1265 /* WebViewTest */ = {
			isa = PBXNativeTarget;
			buildConfigurationList = DEE028A4190871CC003A1265 /* Build configuration list for PBXNativeTarget "WebViewTest" */;
			buildPhases = (
				5FC070E9A6B84DB2B1C0CA87 /* Check Pods Manifest.lock */,
				DEE0286F190871CB003A1265 /* Sources */,
				DEE02870190871CB003A1265 /* Frameworks */,
				DEE02871190871CB003A1265 /* Resources */,
				1FBA3791058146CDAE01454F /* Copy Pods Resources */,
			);
			buildRules = (
			);
			dependencies = (
			);
			name = WebViewTest;
			productName = WebViewTest;
			productReference = DEE02873190871CB003A1265 /* WebViewTest.app */;
			productType = "com.apple.product-type.application";
		};
/* End PBXNativeTarget section */

/* Begin PBXProject section */
		DEE0286B190871CB003A1265 /* Project object */ = {
			isa = PBXProject;
			attributes = {
				LastUpgradeCheck = 0510;
				ORGANIZATIONNAME = Scourcritical;
			};
			buildConfigurationList = DEE0286E190871CB003A1265 /* Build configuration list for PBXProject "WebViewTest" */;
			compatibilityVersion = "Xcode 3.2";
			developmentRegion = English;
			hasScannedForEncodings = 0;
			knownRegions = (
				en,
				Base,
			);
			mainGroup = DEE0286A190871CB003A1265;
			productRefGroup = DEE02874190871CB003A1265 /* Products */;
			projectDirPath = "";
			projectRoot = "";
			targets = (
				DEE02872190871CB003A1265 /* WebViewTest */,
			);
		};
/* End PBXProject section */

/* Begin PBXResourcesBuildPhase section */
		DEE02871190871CB003A1265 /* Resources */ = {
			isa = PBXResourcesBuildPhase;
			buildActionMask = 2147483647;
			files = (
				DE7638C91910234D00A2BD9B /* index.html in Resources */,
				DEE02881190871CB003A1265 /* InfoPlist.strings in Resources */,
				DEE0288F190871CB003A1265 /* Images.xcassets in Resources */,
				DEE02887190871CB003A1265 /* Credits.rtf in Resources */,
				DEE0288D190871CB003A1265 /* MainMenu.xib in Resources */,
			);
			runOnlyForDeploymentPostprocessing = 0;
		};
/* End PBXResourcesBuildPhase section */

/* Begin PBXShellScriptBuildPhase section */
		1FBA3791058146CDAE01454F /* Copy Pods Resources */ = {
			isa = PBXShellScriptBuildPhase;
			buildActionMask = 2147483647;
			files = (
			);
			inputPaths = (
			);
			name = "Copy Pods Resources";
			outputPaths = (
			);
			runOnlyForDeploymentPostprocessing = 0;
			shellPath = /bin/sh;
			shellScript = "\"${SRCROOT}/Pods/Pods-resources.sh\"\n";
			showEnvVarsInLog = 0;
		};
		5FC070E9A6B84DB2B1C0CA87 /* Check Pods Manifest.lock */ = {
			isa = PBXShellScriptBuildPhase;
			buildActionMask = 2147483647;
			files = (
			);
			inputPaths = (
			);
			name = "Check Pods Manifest.lock";
			outputPaths = (
			);
			runOnlyForDeploymentPostprocessing = 0;
			shellPath = /bin/sh;
			shellScript = "diff \"${PODS_ROOT}/../Podfile.lock\" \"${PODS_ROOT}/Manifest.lock\" > /dev/null\nif [[ $? != 0 ]] ; then\n    cat << EOM\nerror: The sandbox is not in sync with the Podfile.lock. Run 'pod install' or update your CocoaPods installation.\nEOM\n    exit 1\nfi\n";
			showEnvVarsInLog = 0;
		};
/* End PBXShellScriptBuildPhase section */

/* Begin PBXSourcesBuildPhase section */
		DEE0286F190871CB003A1265 /* Sources */ = {
			isa = PBXSourcesBuildPhase;
			buildActionMask = 2147483647;
			files = (
				DE31F27C1909B871003F3702 /* Window.m in Sources */,
				DEE0288A190871CB003A1265 /* AppDelegate.m in Sources */,
				DE7638C3190F6B9100A2BD9B /* PBHTTPConnection.m in Sources */,
				DE7638C71910223600A2BD9B /* PBWebView.m in Sources */,
				DE31F2831909CFBF003F3702 /* WebViewDelegate.m in Sources */,
				DEE02883190871CB003A1265 /* main.m in Sources */,
			);
			runOnlyForDeploymentPostprocessing = 0;
		};
/* End PBXSourcesBuildPhase section */

/* Begin PBXVariantGroup section */
		DEE0287F190871CB003A1265 /* InfoPlist.strings */ = {
			isa = PBXVariantGroup;
			children = (
				DEE02880190871CB003A1265 /* en */,
			);
			name = InfoPlist.strings;
			sourceTree = "<group>";
		};
		DEE02885190871CB003A1265 /* Credits.rtf */ = {
			isa = PBXVariantGroup;
			children = (
				DEE02886190871CB003A1265 /* en */,
			);
			name = Credits.rtf;
			sourceTree = "<group>";
		};
		DEE0288B190871CB003A1265 /* MainMenu.xib */ = {
			isa = PBXVariantGroup;
			children = (
				DEE0288C190871CB003A1265 /* Base */,
			);
			name = MainMenu.xib;
			sourceTree = "<group>";
		};
/* End PBXVariantGroup section */

/* Begin XCBuildConfiguration section */
		DEE028A2190871CC003A1265 /* Debug */ = {
			isa = XCBuildConfiguration;
			buildSettings = {
				ALWAYS_SEARCH_USER_PATHS = NO;
				CLANG_CXX_LANGUAGE_STANDARD = "gnu++0x";
				CLANG_CXX_LIBRARY = "libc++";
				CLANG_ENABLE_MODULES = YES;
				CLANG_ENABLE_OBJC_ARC = YES;
				CLANG_WARN_BOOL_CONVERSION = YES;
				CLANG_WARN_CONSTANT_CONVERSION = YES;
				CLANG_WARN_DIRECT_OBJC_ISA_USAGE = YES_ERROR;
				CLANG_WARN_EMPTY_BODY = YES;
				CLANG_WARN_ENUM_CONVERSION = YES;
				CLANG_WARN_INT_CONVERSION = YES;
				CLANG_WARN_OBJC_ROOT_CLASS = YES_ERROR;
				CLANG_WARN__DUPLICATE_METHOD_MATCH = YES;
				COPY_PHASE_STRIP = NO;
				GCC_C_LANGUAGE_STANDARD = gnu99;
				GCC_DYNAMIC_NO_PIC = NO;
				GCC_ENABLE_OBJC_EXCEPTIONS = YES;
				GCC_OPTIMIZATION_LEVEL = 0;
				GCC_PREPROCESSOR_DEFINITIONS = (
					"DEBUG=1",
					"$(inherited)",
				);
				GCC_SYMBOLS_PRIVATE_EXTERN = NO;
				GCC_WARN_64_TO_32_BIT_CONVERSION = YES;
				GCC_WARN_ABOUT_RETURN_TYPE = YES_ERROR;
				GCC_WARN_UNDECLARED_SELECTOR = YES;
				GCC_WARN_UNINITIALIZED_AUTOS = YES_AGGRESSIVE;
				GCC_WARN_UNUSED_FUNCTION = YES;
				GCC_WARN_UNUSED_VARIABLE = YES;
				MACOSX_DEPLOYMENT_TARGET = 10.9;
				ONLY_ACTIVE_ARCH = YES;
				SDKROOT = macosx;
			};
			name = Debug;
		};
		DEE028A3190871CC003A1265 /* Release */ = {
			isa = XCBuildConfiguration;
			buildSettings = {
				ALWAYS_SEARCH_USER_PATHS = NO;
				CLANG_CXX_LANGUAGE_STANDARD = "gnu++0x";
				CLANG_CXX_LIBRARY = "libc++";
				CLANG_ENABLE_MODULES = YES;
				CLANG_ENABLE_OBJC_ARC = YES;
				CLANG_WARN_BOOL_CONVERSION = YES;
				CLANG_WARN_CONSTANT_CONVERSION = YES;
				CLANG_WARN_DIRECT_OBJC_ISA_USAGE = YES_ERROR;
				CLANG_WARN_EMPTY_BODY = YES;
				CLANG_WARN_ENUM_CONVERSION = YES;
				CLANG_WARN_INT_CONVERSION = YES;
				CLANG_WARN_OBJC_ROOT_CLASS = YES_ERROR;
				CLANG_WARN__DUPLICATE_METHOD_MATCH = YES;
				COPY_PHASE_STRIP = YES;
				DEBUG_INFORMATION_FORMAT = "dwarf-with-dsym";
				ENABLE_NS_ASSERTIONS = NO;
				GCC_C_LANGUAGE_STANDARD = gnu99;
				GCC_ENABLE_OBJC_EXCEPTIONS = YES;
				GCC_WARN_64_TO_32_BIT_CONVERSION = YES;
				GCC_WARN_ABOUT_RETURN_TYPE = YES_ERROR;
				GCC_WARN_UNDECLARED_SELECTOR = YES;
				GCC_WARN_UNINITIALIZED_AUTOS = YES_AGGRESSIVE;
				GCC_WARN_UNUSED_FUNCTION = YES;
				GCC_WARN_UNUSED_VARIABLE = YES;
				MACOSX_DEPLOYMENT_TARGET = 10.9;
				SDKROOT = macosx;
			};
			name = Release;
		};
		DEE028A5190871CC003A1265 /* Debug */ = {
			isa = XCBuildConfiguration;
			baseConfigurationReference = 43CC1F59BF5F47F886EFA0F8 /* Pods.xcconfig */;
			buildSettings = {
				ASSETCATALOG_COMPILER_APPICON_NAME = AppIcon;
				COMBINE_HIDPI_IMAGES = YES;
				GCC_PRECOMPILE_PREFIX_HEADER = YES;
				GCC_PREFIX_HEADER = "WebViewTest/WebViewTest-Prefix.pch";
				INFOPLIST_FILE = "WebViewTest/WebViewTest-Info.plist";
				PRODUCT_NAME = "$(TARGET_NAME)";
				WRAPPER_EXTENSION = app;
			};
			name = Debug;
		};
		DEE028A6190871CC003A1265 /* Release */ = {
			isa = XCBuildConfiguration;
			baseConfigurationReference = 43CC1F59BF5F47F886EFA0F8 /* Pods.xcconfig */;
			buildSettings = {
				ASSETCATALOG_COMPILER_APPICON_NAME = AppIcon;
				COMBINE_HIDPI_IMAGES = YES;
				GCC_PRECOMPILE_PREFIX_HEADER = YES;
				GCC_PREFIX_HEADER = "WebViewTest/WebViewTest-Prefix.pch";
				INFOPLIST_FILE = "WebViewTest/WebViewTest-Info.plist";
				PRODUCT_NAME = "$(TARGET_NAME)";
				WRAPPER_EXTENSION = app;
			};
			name = Release;
		};
/* End XCBuildConfiguration section */

/* Begin XCConfigurationList section */
		DEE0286E190871CB003A1265 /* Build configuration list for PBXProject "WebViewTest" */ = {
			isa = XCConfigurationList;
			buildConfigurations = (
				DEE028A2190871CC003A1265 /* Debug */,
				DEE028A3190871CC003A1265 /* Release */,
			);
			defaultConfigurationIsVisible = 0;
			defaultConfigurationName = Release;
		};
		DEE028A4190871CC003A1265 /* Build configuration list for PBXNativeTarget "WebViewTest" */ = {
			isa = XCConfigurationList;
			buildConfigurations = (
				DEE028A5190871CC003A1265 /* Debug */,
				DEE028A6190871CC003A1265 /* Release */,
			);
			defaultConfigurationIsVisible = 0;
			defaultConfigurationName = Release;
		};
/* End XCConfigurationList section */
	};
	rootObject = DEE0286B190871CB003A1265 /* Project object */;
}
